// !$*UTF8*$!
{
	archiveVersion = 1;
	classes = {
	};
	objectVersion = 56;
	objects = {

/* Begin PBXBuildFile section */
		F3935D482B7BEE580036E77A /* UIdocumentTestProjectApp.swift in Sources */ = {isa = PBXBuildFile; fileRef = F3935D472B7BEE580036E77A /* UIdocumentTestProjectApp.swift */; };
		F3935D4A2B7BEE580036E77A /* ContentView.swift in Sources */ = {isa = PBXBuildFile; fileRef = F3935D492B7BEE580036E77A /* ContentView.swift */; };
		F3935D4C2B7BEE590036E77A /* Assets.xcassets in Resources */ = {isa = PBXBuildFile; fileRef = F3935D4B2B7BEE590036E77A /* Assets.xcassets */; };
		F3935D4F2B7BEE590036E77A /* Preview Assets.xcassets in Resources */ = {isa = PBXBuildFile; fileRef = F3935D4E2B7BEE590036E77A /* Preview Assets.xcassets */; };
		F3935D592B7BEE5A0036E77A /* UIdocumentTestProjectTests.swift in Sources */ = {isa = PBXBuildFile; fileRef = F3935D582B7BEE5A0036E77A /* UIdocumentTestProjectTests.swift */; };
		F3935D632B7BEE5A0036E77A /* UIdocumentTestProjectUITests.swift in Sources */ = {isa = PBXBuildFile; fileRef = F3935D622B7BEE5A0036E77A /* UIdocumentTestProjectUITests.swift */; };
		F3935D652B7BEE5A0036E77A /* UIdocumentTestProjectUITestsLaunchTests.swift in Sources */ = {isa = PBXBuildFile; fileRef = F3935D642B7BEE5A0036E77A /* UIdocumentTestProjectUITestsLaunchTests.swift */; };
		F3935D722B7BF63C0036E77A /* audio.mp3 in Resources */ = {isa = PBXBuildFile; fileRef = F3935D712B7BF63C0036E77A /* audio.mp3 */; };
/* End PBXBuildFile section */

/* Begin PBXContainerItemProxy section */
		F3935D552B7BEE5A0036E77A /* PBXContainerItemProxy */ = {
			isa = PBXContainerItemProxy;
			containerPortal = F3935D3C2B7BEE580036E77A /* Project object */;
			proxyType = 1;
			remoteGlobalIDString = F3935D432B7BEE580036E77A;
			remoteInfo = UIdocumentTestProject;
		};
		F3935D5F2B7BEE5A0036E77A /* PBXContainerItemProxy */ = {
			isa = PBXContainerItemProxy;
			containerPortal = F3935D3C2B7BEE580036E77A /* Project object */;
			proxyType = 1;
			remoteGlobalIDString = F3935D432B7BEE580036E77A;
			remoteInfo = UIdocumentTestProject;
		};
/* End PBXContainerItemProxy section */

/* Begin PBXFileReference section */
		F3935D442B7BEE580036E77A /* UIdocumentTestProject.app */ = {isa = PBXFileReference; explicitFileType = wrapper.application; includeInIndex = 0; path = UIdocumentTestProject.app; sourceTree = BUILT_PRODUCTS_DIR; };
		F3935D472B7BEE580036E77A /* UIdocumentTestProjectApp.swift */ = {isa = PBXFileReference; lastKnownFileType = sourcecode.swift; path = UIdocumentTestProjectApp.swift; sourceTree = "<group>"; };
		F3935D492B7BEE580036E77A /* ContentView.swift */ = {isa = PBXFileReference; lastKnownFileType = sourcecode.swift; path = ContentView.swift; sourceTree = "<group>"; };
		F3935D4B2B7BEE590036E77A /* Assets.xcassets */ = {isa = PBXFileReference; lastKnownFileType = folder.assetcatalog; path = Assets.xcassets; sourceTree = "<group>"; };
		F3935D4E2B7BEE590036E77A /* Preview Assets.xcassets */ = {isa = PBXFileReference; lastKnownFileType = folder.assetcatalog; path = "Preview Assets.xcassets"; sourceTree = "<group>"; };
		F3935D542B7BEE5A0036E77A /* UIdocumentTestProjectTests.xctest */ = {isa = PBXFileReference; explicitFileType = wrapper.cfbundle; includeInIndex = 0; path = UIdocumentTestProjectTests.xctest; sourceTree = BUILT_PRODUCTS_DIR; };
		F3935D582B7BEE5A0036E77A /* UIdocumentTestProjectTests.swift */ = {isa = PBXFileReference; lastKnownFileType = sourcecode.swift; path = UIdocumentTestProjectTests.swift; sourceTree = "<group>"; };
		F3935D5E2B7BEE5A0036E77A /* UIdocumentTestProjectUITests.xctest */ = {isa = PBXFileReference; explicitFileType = wrapper.cfbundle; includeInIndex = 0; path = UIdocumentTestProjectUITests.xctest; sourceTree = BUILT_PRODUCTS_DIR; };
		F3935D622B7BEE5A0036E77A /* UIdocumentTestProjectUITests.swift */ = {isa = PBXFileReference; lastKnownFileType = sourcecode.swift; path = UIdocumentTestProjectUITests.swift; sourceTree = "<group>"; };
		F3935D642B7BEE5A0036E77A /* UIdocumentTestProjectUITestsLaunchTests.swift */ = {isa = PBXFileReference; lastKnownFileType = sourcecode.swift; path = UIdocumentTestProjectUITestsLaunchTests.swift; sourceTree = "<group>"; };
		F3935D712B7BF63C0036E77A /* audio.mp3 */ = {isa = PBXFileReference; lastKnownFileType = audio.mp3; path = audio.mp3; sourceTree = "<group>"; };
/* End PBXFileReference section */

/* Begin PBXFrameworksBuildPhase section */
		F3935D412B7BEE580036E77A /* Frameworks */ = {
			isa = PBXFrameworksBuildPhase;
			buildActionMask = 2147483647;
			files = (
			);
			runOnlyForDeploymentPostprocessing = 0;
		};
		F3935D512B7BEE5A0036E77A /* Frameworks */ = {
			isa = PBXFrameworksBuildPhase;
			buildActionMask = 2147483647;
			files = (
			);
			runOnlyForDeploymentPostprocessing = 0;
		};
		F3935D5B2B7BEE5A0036E77A /* Frameworks */ = {
			isa = PBXFrameworksBuildPhase;
			buildActionMask = 2147483647;
			files = (
			);
			runOnlyForDeploymentPostprocessing = 0;
		};
/* End PBXFrameworksBuildPhase section */

/* Begin PBXGroup section */
		F3935D3B2B7BEE580036E77A = {
			isa = PBXGroup;
			children = (
				F3935D712B7BF63C0036E77A /* audio.mp3 */,
				F3935D462B7BEE580036E77A /* UIdocumentTestProject */,
				F3935D572B7BEE5A0036E77A /* UIdocumentTestProjectTests */,
				F3935D612B7BEE5A0036E77A /* UIdocumentTestProjectUITests */,
				F3935D452B7BEE580036E77A /* Products */,
			);
			sourceTree = "<group>";
		};
		F3935D452B7BEE580036E77A /* Products */ = {
			isa = PBXGroup;
			children = (
				F3935D442B7BEE580036E77A /* UIdocumentTestProject.app */,
				F3935D542B7BEE5A0036E77A /* UIdocumentTestProjectTests.xctest */,
				F3935D5E2B7BEE5A0036E77A /* UIdocumentTestProjectUITests.xctest */,
			);
			name = Products;
			sourceTree = "<group>";
		};
		F3935D462B7BEE580036E77A /* UIdocumentTestProject */ = {
			isa = PBXGroup;
			children = (
				F3935D472B7BEE580036E77A /* UIdocumentTestProjectApp.swift */,
				F3935D492B7BEE580036E77A /* ContentView.swift */,
				F3935D4B2B7BEE590036E77A /* Assets.xcassets */,
				F3935D4D2B7BEE590036E77A /* Preview Content */,
			);
			path = UIdocumentTestProject;
			sourceTree = "<group>";
		};
		F3935D4D2B7BEE590036E77A /* Preview Content */ = {
			isa = PBXGroup;
			children = (
				F3935D4E2B7BEE590036E77A /* Preview Assets.xcassets */,
			);
			path = "Preview Content";
			sourceTree = "<group>";
		};
		F3935D572B7BEE5A0036E77A /* UIdocumentTestProjectTests */ = {
			isa = PBXGroup;
			children = (
				F3935D582B7BEE5A0036E77A /* UIdocumentTestProjectTests.swift */,
			);
			path = UIdocumentTestProjectTests;
			sourceTree = "<group>";
		};
		F3935D612B7BEE5A0036E77A /* UIdocumentTestProjectUITests */ = {
			isa = PBXGroup;
			children = (
				F3935D622B7BEE5A0036E77A /* UIdocumentTestProjectUITests.swift */,
				F3935D642B7BEE5A0036E77A /* UIdocumentTestProjectUITestsLaunchTests.swift */,
			);
			path = UIdocumentTestProjectUITests;
			sourceTree = "<group>";
		};
/* End PBXGroup section */

/* Begin PBXNativeTarget section */
		F3935D432B7BEE580036E77A /* UIdocumentTestProject */ = {
			isa = PBXNativeTarget;
			buildConfigurationList = F3935D682B7BEE5A0036E77A /* Build configuration list for PBXNativeTarget "UIdocumentTestProject" */;
			buildPhases = (
				F3935D402B7BEE580036E77A /* Sources */,
				F3935D412B7BEE580036E77A /* Frameworks */,
				F3935D422B7BEE580036E77A /* Resources */,
			);
			buildRules = (
			);
			dependencies = (
			);
			name = UIdocumentTestProject;
			productName = UIdocumentTestProject;
			productReference = F3935D442B7BEE580036E77A /* UIdocumentTestProject.app */;
			productType = "com.apple.product-type.application";
		};
		F3935D532B7BEE5A0036E77A /* UIdocumentTestProjectTests */ = {
			isa = PBXNativeTarget;
			buildConfigurationList = F3935D6B2B7BEE5A0036E77A /* Build configuration list for PBXNativeTarget "UIdocumentTestProjectTests" */;
			buildPhases = (
				F3935D502B7BEE5A0036E77A /* Sources */,
				F3935D512B7BEE5A0036E77A /* Frameworks */,
				F3935D522B7BEE5A0036E77A /* Resources */,
			);
			buildRules = (
			);
			dependencies = (
				F3935D562B7BEE5A0036E77A /* PBXTargetDependency */,
			);
			name = UIdocumentTestProjectTests;
			productName = UIdocumentTestProjectTests;
			productReference = F3935D542B7BEE5A0036E77A /* UIdocumentTestProjectTests.xctest */;
			productType = "com.apple.product-type.bundle.unit-test";
		};
		F3935D5D2B7BEE5A0036E77A /* UIdocumentTestProjectUITests */ = {
			isa = PBXNativeTarget;
			buildConfigurationList = F3935D6E2B7BEE5A0036E77A /* Build configuration list for PBXNativeTarget "UIdocumentTestProjectUITests" */;
			buildPhases = (
				F3935D5A2B7BEE5A0036E77A /* Sources */,
				F3935D5B2B7BEE5A0036E77A /* Frameworks */,
				F3935D5C2B7BEE5A0036E77A /* Resources */,
			);
			buildRules = (
			);
			dependencies = (
				F3935D602B7BEE5A0036E77A /* PBXTargetDependency */,
			);
			name = UIdocumentTestProjectUITests;
			productName = UIdocumentTestProjectUITests;
			productReference = F3935D5E2B7BEE5A0036E77A /* UIdocumentTestProjectUITests.xctest */;
			productType = "com.apple.product-type.bundle.ui-testing";
		};
/* End PBXNativeTarget section */

/* Begin PBXProject section */
		F3935D3C2B7BEE580036E77A /* Project object */ = {
			isa = PBXProject;
			attributes = {
				BuildIndependentTargetsInParallel = 1;
				LastSwiftUpdateCheck = 1510;
				LastUpgradeCheck = 1510;
				TargetAttributes = {
					F3935D432B7BEE580036E77A = {
						CreatedOnToolsVersion = 15.1;
					};
					F3935D532B7BEE5A0036E77A = {
						CreatedOnToolsVersion = 15.1;
						TestTargetID = F3935D432B7BEE580036E77A;
					};
					F3935D5D2B7BEE5A0036E77A = {
						CreatedOnToolsVersion = 15.1;
						TestTargetID = F3935D432B7BEE580036E77A;
					};
				};
			};
			buildConfigurationList = F3935D3F2B7BEE580036E77A /* Build configuration list for PBXProject "UIdocumentTestProject" */;
			compatibilityVersion = "Xcode 14.0";
			developmentRegion = en;
			hasScannedForEncodings = 0;
			knownRegions = (
				en,
				Base,
			);
			mainGroup = F3935D3B2B7BEE580036E77A;
			productRefGroup = F3935D452B7BEE580036E77A /* Products */;
			projectDirPath = "";
			projectRoot = "";
			targets = (
				F3935D432B7BEE580036E77A /* UIdocumentTestProject */,
				F3935D532B7BEE5A0036E77A /* UIdocumentTestProjectTests */,
				F3935D5D2B7BEE5A0036E77A /* UIdocumentTestProjectUITests */,
			);
		};
/* End PBXProject section */

/* Begin PBXResourcesBuildPhase section */
		F3935D422B7BEE580036E77A /* Resources */ = {
			isa = PBXResourcesBuildPhase;
			buildActionMask = 2147483647;
			files = (
				F3935D4F2B7BEE590036E77A /* Preview Assets.xcassets in Resources */,
				F3935D4C2B7BEE590036E77A /* Assets.xcassets in Resources */,
				F3935D722B7BF63C0036E77A /* audio.mp3 in Resources */,
			);
			runOnlyForDeploymentPostprocessing = 0;
		};
		F3935D522B7BEE5A0036E77A /* Resources */ = {
			isa = PBXResourcesBuildPhase;
			buildActionMask = 2147483647;
			files = (
			);
			runOnlyForDeploymentPostprocessing = 0;
		};
		F3935D5C2B7BEE5A0036E77A /* Resources */ = {
			isa = PBXResourcesBuildPhase;
			buildActionMask = 2147483647;
			files = (
			);
			runOnlyForDeploymentPostprocessing = 0;
		};
/* End PBXResourcesBuildPhase section */

/* Begin PBXSourcesBuildPhase section */
		F3935D402B7BEE580036E77A /* Sources */ = {
			isa = PBXSourcesBuildPhase;
			buildActionMask = 2147483647;
			files = (
				F3935D4A2B7BEE580036E77A /* ContentView.swift in Sources */,
				F3935D482B7BEE580036E77A /* UIdocumentTestProjectApp.swift in Sources */,
			);
			runOnlyForDeploymentPostprocessing = 0;
		};
		F3935D502B7BEE5A0036E77A /* Sources */ = {
			isa = PBXSourcesBuildPhase;
			buildActionMask = 2147483647;
			files = (
				F3935D592B7BEE5A0036E77A /* UIdocumentTestProjectTests.swift in Sources */,
			);
			runOnlyForDeploymentPostprocessing = 0;
		};
		F3935D5A2B7BEE5A0036E77A /* Sources */ = {
			isa = PBXSourcesBuildPhase;
			buildActionMask = 2147483647;
			files = (
				F3935D632B7BEE5A0036E77A /* UIdocumentTestProjectUITests.swift in Sources */,
				F3935D652B7BEE5A0036E77A /* UIdocumentTestProjectUITestsLaunchTests.swift in Sources */,
			);
			runOnlyForDeploymentPostprocessing = 0;
		};
/* End PBXSourcesBuildPhase section */

/* Begin PBXTargetDependency section */
		F3935D562B7BEE5A0036E77A /* PBXTargetDependency */ = {
			isa = PBXTargetDependency;
			target = F3935D432B7BEE580036E77A /* UIdocumentTestProject */;
			targetProxy = F3935D552B7BEE5A0036E77A /* PBXContainerItemProxy */;
		};
		F3935D602B7BEE5A0036E77A /* PBXTargetDependency */ = {
			isa = PBXTargetDependency;
			target = F3935D432B7BEE580036E77A /* UIdocumentTestProject */;
			targetProxy = F3935D5F2B7BEE5A0036E77A /* PBXContainerItemProxy */;
		};
/* End PBXTargetDependency section */

/* Begin XCBuildConfiguration section */
		F3935D662B7BEE5A0036E77A /* Debug */ = {
			isa = XCBuildConfiguration;
			buildSettings = {
				ALWAYS_SEARCH_USER_PATHS = NO;
				ASSETCATALOG_COMPILER_GENERATE_SWIFT_ASSET_SYMBOL_EXTENSIONS = YES;
				CLANG_ANALYZER_NONNULL = YES;
				CLANG_ANALYZER_NUMBER_OBJECT_CONVERSION = YES_AGGRESSIVE;
				CLANG_CXX_LANGUAGE_STANDARD = "gnu++20";
				CLANG_ENABLE_MODULES = YES;
				CLANG_ENABLE_OBJC_ARC = YES;
				CLANG_ENABLE_OBJC_WEAK = YES;
				CLANG_WARN_BLOCK_CAPTURE_AUTORELEASING = YES;
				CLANG_WARN_BOOL_CONVERSION = YES;
				CLANG_WARN_COMMA = YES;
				CLANG_WARN_CONSTANT_CONVERSION = YES;
				CLANG_WARN_DEPRECATED_OBJC_IMPLEMENTATIONS = YES;
				CLANG_WARN_DIRECT_OBJC_ISA_USAGE = YES_ERROR;
				CLANG_WARN_DOCUMENTATION_COMMENTS = YES;
				CLANG_WARN_EMPTY_BODY = YES;
				CLANG_WARN_ENUM_CONVERSION = YES;
				CLANG_WARN_INFINITE_RECURSION = YES;
				CLANG_WARN_INT_CONVERSION = YES;
				CLANG_WARN_NON_LITERAL_NULL_CONVERSION = YES;
				CLANG_WARN_OBJC_IMPLICIT_RETAIN_SELF = YES;
				CLANG_WARN_OBJC_LITERAL_CONVERSION = YES;
				CLANG_WARN_OBJC_ROOT_CLASS = YES_ERROR;
				CLANG_WARN_QUOTED_INCLUDE_IN_FRAMEWORK_HEADER = YES;
				CLANG_WARN_RANGE_LOOP_ANALYSIS = YES;
				CLANG_WARN_STRICT_PROTOTYPES = YES;
				CLANG_WARN_SUSPICIOUS_MOVE = YES;
				CLANG_WARN_UNGUARDED_AVAILABILITY = YES_AGGRESSIVE;
				CLANG_WARN_UNREACHABLE_CODE = YES;
				CLANG_WARN__DUPLICATE_METHOD_MATCH = YES;
				COPY_PHASE_STRIP = NO;
				DEBUG_INFORMATION_FORMAT = dwarf;
				ENABLE_STRICT_OBJC_MSGSEND = YES;
				ENABLE_TESTABILITY = YES;
				ENABLE_USER_SCRIPT_SANDBOXING = YES;
				GCC_C_LANGUAGE_STANDARD = gnu17;
				GCC_DYNAMIC_NO_PIC = NO;
				GCC_NO_COMMON_BLOCKS = YES;
				GCC_OPTIMIZATION_LEVEL = 0;
				GCC_PREPROCESSOR_DEFINITIONS = (
					"DEBUG=1",
					"$(inherited)",
				);
				GCC_WARN_64_TO_32_BIT_CONVERSION = YES;
				GCC_WARN_ABOUT_RETURN_TYPE = YES_ERROR;
				GCC_WARN_UNDECLARED_SELECTOR = YES;
				GCC_WARN_UNINITIALIZED_AUTOS = YES_AGGRESSIVE;
				GCC_WARN_UNUSED_FUNCTION = YES;
				GCC_WARN_UNUSED_VARIABLE = YES;
				IPHONEOS_DEPLOYMENT_TARGET = 17.2;
				LOCALIZATION_PREFERS_STRING_CATALOGS = YES;
				MTL_ENABLE_DEBUG_INFO = INCLUDE_SOURCE;
				MTL_FAST_MATH = YES;
				ONLY_ACTIVE_ARCH = YES;
				SDKROOT = iphoneos;
				SWIFT_ACTIVE_COMPILATION_CONDITIONS = "DEBUG $(inherited)";
				SWIFT_OPTIMIZATION_LEVEL = "-Onone";
			};
			name = Debug;
		};
		F3935D672B7BEE5A0036E77A /* Release */ = {
			isa = XCBuildConfiguration;
			buildSettings = {
				ALWAYS_SEARCH_USER_PATHS = NO;
				ASSETCATALOG_COMPILER_GENERATE_SWIFT_ASSET_SYMBOL_EXTENSIONS = YES;
				CLANG_ANALYZER_NONNULL = YES;
				CLANG_ANALYZER_NUMBER_OBJECT_CONVERSION = YES_AGGRESSIVE;
				CLANG_CXX_LANGUAGE_STANDARD = "gnu++20";
				CLANG_ENABLE_MODULES = YES;
				CLANG_ENABLE_OBJC_ARC = YES;
				CLANG_ENABLE_OBJC_WEAK = YES;
				CLANG_WARN_BLOCK_CAPTURE_AUTORELEASING = YES;
				CLANG_WARN_BOOL_CONVERSION = YES;
				CLANG_WARN_COMMA = YES;
				CLANG_WARN_CONSTANT_CONVERSION = YES;
				CLANG_WARN_DEPRECATED_OBJC_IMPLEMENTATIONS = YES;
				CLANG_WARN_DIRECT_OBJC_ISA_USAGE = YES_ERROR;
				CLANG_WARN_DOCUMENTATION_COMMENTS = YES;
				CLANG_WARN_EMPTY_BODY = YES;
				CLANG_WARN_ENUM_CONVERSION = YES;
				CLANG_WARN_INFINITE_RECURSION = YES;
				CLANG_WARN_INT_CONVERSION = YES;
				CLANG_WARN_NON_LITERAL_NULL_CONVERSION = YES;
				CLANG_WARN_OBJC_IMPLICIT_RETAIN_SELF = YES;
				CLANG_WARN_OBJC_LITERAL_CONVERSION = YES;
				CLANG_WARN_OBJC_ROOT_CLASS = YES_ERROR;
				CLANG_WARN_QUOTED_INCLUDE_IN_FRAMEWORK_HEADER = YES;
				CLANG_WARN_RANGE_LOOP_ANALYSIS = YES;
				CLANG_WARN_STRICT_PROTOTYPES = YES;
				CLANG_WARN_SUSPICIOUS_MOVE = YES;
				CLANG_WARN_UNGUARDED_AVAILABILITY = YES_AGGRESSIVE;
				CLANG_WARN_UNREACHABLE_CODE = YES;
				CLANG_WARN__DUPLICATE_METHOD_MATCH = YES;
				COPY_PHASE_STRIP = NO;
				DEBUG_INFORMATION_FORMAT = "dwarf-with-dsym";
				ENABLE_NS_ASSERTIONS = NO;
				ENABLE_STRICT_OBJC_MSGSEND = YES;
				ENABLE_USER_SCRIPT_SANDBOXING = YES;
				GCC_C_LANGUAGE_STANDARD = gnu17;
				GCC_NO_COMMON_BLOCKS = YES;
				GCC_WARN_64_TO_32_BIT_CONVERSION = YES;
				GCC_WARN_ABOUT_RETURN_TYPE = YES_ERROR;
				GCC_WARN_UNDECLARED_SELECTOR = YES;
				GCC_WARN_UNINITIALIZED_AUTOS = YES_AGGRESSIVE;
				GCC_WARN_UNUSED_FUNCTION = YES;
				GCC_WARN_UNUSED_VARIABLE = YES;
				IPHONEOS_DEPLOYMENT_TARGET = 17.2;
				LOCALIZATION_PREFERS_STRING_CATALOGS = YES;
				MTL_ENABLE_DEBUG_INFO = NO;
				MTL_FAST_MATH = YES;
				SDKROOT = iphoneos;
				SWIFT_COMPILATION_MODE = wholemodule;
				VALIDATE_PRODUCT = YES;
			};
			name = Release;
		};
		F3935D692B7BEE5A0036E77A /* Debug */ = {
			isa = XCBuildConfiguration;
			buildSettings = {
				ASSETCATALOG_COMPILER_APPICON_NAME = AppIcon;
				ASSETCATALOG_COMPILER_GLOBAL_ACCENT_COLOR_NAME = AccentColor;
				CODE_SIGN_STYLE = Automatic;
				CURRENT_PROJECT_VERSION = 1;
				DEVELOPMENT_ASSET_PATHS = "\"UIdocumentTestProject/Preview Content\"";
				DEVELOPMENT_TEAM = U5F437QJA7;
				ENABLE_PREVIEWS = YES;
				GENERATE_INFOPLIST_FILE = YES;
				INFOPLIST_KEY_UIApplicationSceneManifest_Generation = YES;
				INFOPLIST_KEY_UIApplicationSupportsIndirectInputEvents = YES;
				INFOPLIST_KEY_UILaunchScreen_Generation = YES;
				INFOPLIST_KEY_UISupportedInterfaceOrientations_iPad = "UIInterfaceOrientationPortrait UIInterfaceOrientationPortraitUpsideDown UIInterfaceOrientationLandscapeLeft UIInterfaceOrientationLandscapeRight";
				INFOPLIST_KEY_UISupportedInterfaceOrientations_iPhone = "UIInterfaceOrientationPortrait UIInterfaceOrientationLandscapeLeft UIInterfaceOrientationLandscapeRight";
				IPHONEOS_DEPLOYMENT_TARGET = 16.6;
				LD_RUNPATH_SEARCH_PATHS = (
					"$(inherited)",
					"@executable_path/Frameworks",
				);
				MARKETING_VERSION = 1.0;
				PRODUCT_BUNDLE_IDENTIFIER = com.UIdocumentTestProject;
				PRODUCT_NAME = "$(TARGET_NAME)";
				SWIFT_EMIT_LOC_STRINGS = YES;
				SWIFT_VERSION = 5.0;
				TARGETED_DEVICE_FAMILY = "1,2";
			};
			name = Debug;
		};
		F3935D6A2B7BEE5A0036E77A /* Release */ = {
			isa = XCBuildConfiguration;
			buildSettings = {
				ASSETCATALOG_COMPILER_APPICON_NAME = AppIcon;
				ASSETCATALOG_COMPILER_GLOBAL_ACCENT_COLOR_NAME = AccentColor;
				CODE_SIGN_STYLE = Automatic;
				CURRENT_PROJECT_VERSION = 1;
				DEVELOPMENT_ASSET_PATHS = "\"UIdocumentTestProject/Preview Content\"";
				DEVELOPMENT_TEAM = U5F437QJA7;
				ENABLE_PREVIEWS = YES;
				GENERATE_INFOPLIST_FILE = YES;
				INFOPLIST_KEY_UIApplicationSceneManifest_Generation = YES;
				INFOPLIST_KEY_UIApplicationSupportsIndirectInputEvents = YES;
				INFOPLIST_KEY_UILaunchScreen_Generation = YES;
				INFOPLIST_KEY_UISupportedInterfaceOrientations_iPad = "UIInterfaceOrientationPortrait UIInterfaceOrientationPortraitUpsideDown UIInterfaceOrientationLandscapeLeft UIInterfaceOrientationLandscapeRight";
				INFOPLIST_KEY_UISupportedInterfaceOrientations_iPhone = "UIInterfaceOrientationPortrait UIInterfaceOrientationLandscapeLeft UIInterfaceOrientationLandscapeRight";
				IPHONEOS_DEPLOYMENT_TARGET = 16.6;
				LD_RUNPATH_SEARCH_PATHS = (
					"$(inherited)",
					"@executable_path/Frameworks",
				);
				MARKETING_VERSION = 1.0;
				PRODUCT_BUNDLE_IDENTIFIER = com.UIdocumentTestProject;
				PRODUCT_NAME = "$(TARGET_NAME)";
				SWIFT_EMIT_LOC_STRINGS = YES;
				SWIFT_VERSION = 5.0;
				TARGETED_DEVICE_FAMILY = "1,2";
			};
			name = Release;
		};
		F3935D6C2B7BEE5A0036E77A /* Debug */ = {
			isa = XCBuildConfiguration;
			buildSettings = {
				ALWAYS_EMBED_SWIFT_STANDARD_LIBRARIES = YES;
				BUNDLE_LOADER = "$(TEST_HOST)";
				CODE_SIGN_STYLE = Automatic;
				CURRENT_PROJECT_VERSION = 1;
				GENERATE_INFOPLIST_FILE = YES;
				IPHONEOS_DEPLOYMENT_TARGET = 17.2;
				MARKETING_VERSION = 1.0;
				PRODUCT_BUNDLE_IDENTIFIER = com.UIdocumentTestProjectTests;
				PRODUCT_NAME = "$(TARGET_NAME)";
				SWIFT_EMIT_LOC_STRINGS = NO;
				SWIFT_VERSION = 5.0;
				TARGETED_DEVICE_FAMILY = "1,2";
				TEST_HOST = "$(BUILT_PRODUCTS_DIR)/UIdocumentTestProject.app/$(BUNDLE_EXECUTABLE_FOLDER_PATH)/UIdocumentTestProject";
			};
			name = Debug;
		};
		F3935D6D2B7BEE5A0036E77A /* Release */ = {
			isa = XCBuildConfiguration;
			buildSettings = {
				ALWAYS_EMBED_SWIFT_STANDARD_LIBRARIES = YES;
				BUNDLE_LOADER = "$(TEST_HOST)";
				CODE_SIGN_STYLE = Automatic;
				CURRENT_PROJECT_VERSION = 1;
				GENERATE_INFOPLIST_FILE = YES;
				IPHONEOS_DEPLOYMENT_TARGET = 17.2;
				MARKETING_VERSION = 1.0;
				PRODUCT_BUNDLE_IDENTIFIER = com.UIdocumentTestProjectTests;
				PRODUCT_NAME = "$(TARGET_NAME)";
				SWIFT_EMIT_LOC_STRINGS = NO;
				SWIFT_VERSION = 5.0;
				TARGETED_DEVICE_FAMILY = "1,2";
				TEST_HOST = "$(BUILT_PRODUCTS_DIR)/UIdocumentTestProject.app/$(BUNDLE_EXECUTABLE_FOLDER_PATH)/UIdocumentTestProject";
			};
			name = Release;
		};
		F3935D6F2B7BEE5A0036E77A /* Debug */ = {
			isa = XCBuildConfiguration;
			buildSettings = {
				ALWAYS_EMBED_SWIFT_STANDARD_LIBRARIES = YES;
				CODE_SIGN_STYLE = Automatic;
				CURRENT_PROJECT_VERSION = 1;
				GENERATE_INFOPLIST_FILE = YES;
				MARKETING_VERSION = 1.0;
				PRODUCT_BUNDLE_IDENTIFIER = com.UIdocumentTestProjectUITests;
				PRODUCT_NAME = "$(TARGET_NAME)";
				SWIFT_EMIT_LOC_STRINGS = NO;
				SWIFT_VERSION = 5.0;
				TARGETED_DEVICE_FAMILY = "1,2";
				TEST_TARGET_NAME = UIdocumentTestProject;
			};
			name = Debug;
		};
		F3935D702B7BEE5A0036E77A /* Release */ = {
			isa = XCBuildConfiguration;
			buildSettings = {
				ALWAYS_EMBED_SWIFT_STANDARD_LIBRARIES = YES;
				CODE_SIGN_STYLE = Automatic;
				CURRENT_PROJECT_VERSION = 1;
				GENERATE_INFOPLIST_FILE = YES;
				MARKETING_VERSION = 1.0;
				PRODUCT_BUNDLE_IDENTIFIER = com.UIdocumentTestProjectUITests;
				PRODUCT_NAME = "$(TARGET_NAME)";
				SWIFT_EMIT_LOC_STRINGS = NO;
				SWIFT_VERSION = 5.0;
				TARGETED_DEVICE_FAMILY = "1,2";
				TEST_TARGET_NAME = UIdocumentTestProject;
			};
			name = Release;
		};
/* End XCBuildConfiguration section */

/* Begin XCConfigurationList section */
		F3935D3F2B7BEE580036E77A /* Build configuration list for PBXProject "UIdocumentTestProject" */ = {
			isa = XCConfigurationList;
			buildConfigurations = (
				F3935D662B7BEE5A0036E77A /* Debug */,
				F3935D672B7BEE5A0036E77A /* Release */,
			);
			defaultConfigurationIsVisible = 0;
			defaultConfigurationName = Release;
		};
		F3935D682B7BEE5A0036E77A /* Build configuration list for PBXNativeTarget "UIdocumentTestProject" */ = {
			isa = XCConfigurationList;
			buildConfigurations = (
				F3935D692B7BEE5A0036E77A /* Debug */,
				F3935D6A2B7BEE5A0036E77A /* Release */,
			);
			defaultConfigurationIsVisible = 0;
			defaultConfigurationName = Release;
		};
		F3935D6B2B7BEE5A0036E77A /* Build configuration list for PBXNativeTarget "UIdocumentTestProjectTests" */ = {
			isa = XCConfigurationList;
			buildConfigurations = (
				F3935D6C2B7BEE5A0036E77A /* Debug */,
				F3935D6D2B7BEE5A0036E77A /* Release */,
			);
			defaultConfigurationIsVisible = 0;
			defaultConfigurationName = Release;
		};
		F3935D6E2B7BEE5A0036E77A /* Build configuration list for PBXNativeTarget "UIdocumentTestProjectUITests" */ = {
			isa = XCConfigurationList;
			buildConfigurations = (
				F3935D6F2B7BEE5A0036E77A /* Debug */,
				F3935D702B7BEE5A0036E77A /* Release */,
			);
			defaultConfigurationIsVisible = 0;
			defaultConfigurationName = Release;
		};
/* End XCConfigurationList section */
	};
	rootObject = F3935D3C2B7BEE580036E77A /* Project object */;
}
